
Microsoft Visual Studio Solution File, Format Version 12.00
# Visual Studio Express 2012 for Windows Desktop
Project("{FAE04EC0-301F-11D3-BF4B-00C04F79EFBC}") = "r2pipe_test", "r2pipe_test\r2pipe_test.csproj", "{9BF6D0B4-04C2-419D-AAA1-6F1C41F023CA}"
EndProject
Project("{2150E333-8FDC-42A3-9474-1A3956D46DE8}") = "Solution Items", "Solution Items", "{143674D7-ACFC-44AF-82B7-D9342A16C270}"
EndProject
Project("{FAE04EC0-301F-11D3-BF4B-00C04F79EFBC}") = "r2_r4w_installer", "r2_r4w_installer\r2_r4w_installer.csproj", "{372A6EE8-E154-4A76-894D-38415D9BA928}"
EndProject
Global
	GlobalSection(SolutionConfigurationPlatforms) = preSolution
		Debug|Any CPU = Debug|Any CPU
		Release|Any CPU = Release|Any CPU
	EndGlobalSection
	GlobalSection(ProjectConfigurationPlatforms) = postSolution
		{9BF6D0B4-04C2-419D-AAA1-6F1C41F023CA}.Debug|Any CPU.ActiveCfg = Debug|Any CPU
		{9BF6D0B4-04C2-419D-AAA1-6F1C41F023CA}.Debug|Any CPU.Build.0 = Debug|Any CPU
		{9BF6D0B4-04C2-419D-AAA1-6F1C41F023CA}.Release|Any CPU.ActiveCfg = Release|Any CPU
		{9BF6D0B4-04C2-419D-AAA1-6F1C41F023CA}.Release|Any CPU.Build.0 = Release|Any CPU
		{372A6EE8-E154-4A76-894D-38415D9BA928}.Debug|Any CPU.ActiveCfg = Debug|Any CPU
		{372A6EE8-E154-4A76-894D-38415D9BA928}.Debug|Any CPU.Build.0 = Debug|Any CPU
		{372A6EE8-E154-4A76-894D-38415D9BA928}.Release|Any CPU.ActiveCfg = Release|Any CPU
		{372A6EE8-E154-4A76-894D-38415D9BA928}.Release|Any CPU.Build.0 = Release|Any CPU
	EndGlobalSection
	GlobalSection(SolutionProperties) = preSolution
		HideSolutionNode = FALSE
	EndGlobalSection
EndGlobal
