
Microsoft Visual Studio Solution File, Format Version 12.00
# Visual Studio Express 2012 for Windows Desktop
Project("{FAE04EC0-301F-11D3-BF4B-00C04F79EFBC}") = "r2pipe_test", "r2pipe_test\r2pipe_test.csproj", "{9BF6D0B4-04C2-419D-AAA1-6F1C41F023CA}"
EndProject
Project("{2150E333-8FDC-42A3-9474-1A3956D46DE8}") = "Solution Items", "Solution Items", "{143674D7-ACFC-44AF-82B7-D9342A16C270}"
	ProjectSection(SolutionItems) = preProject
		Benchmarks.cs = Benchmarks.cs
	EndProjectSection
EndProject
Project("{FAE04EC0-301F-11D3-BF4B-00C04F79EFBC}") = "r2pipe", "r2pipe\r2pipe.csproj", "{D5B3F257-E13E-42B5-A77E-AA0F809311FD}"
EndProject
Global
	GlobalSection(SolutionConfigurationPlatforms) = preSolution
		Debug|Any CPU = Debug|Any CPU
		Debug|Mixed Platforms = Debug|Mixed Platforms
		Debug|x64 = Debug|x64
		Debug|x86 = Debug|x86
		Release|Any CPU = Release|Any CPU
		Release|Mixed Platforms = Release|Mixed Platforms
		Release|x64 = Release|x64
		Release|x86 = Release|x86
	EndGlobalSection
	GlobalSection(ProjectConfigurationPlatforms) = postSolution
		{9BF6D0B4-04C2-419D-AAA1-6F1C41F023CA}.Debug|Any CPU.ActiveCfg = Debug|Any CPU
		{9BF6D0B4-04C2-419D-AAA1-6F1C41F023CA}.Debug|Any CPU.Build.0 = Debug|Any CPU
		{9BF6D0B4-04C2-419D-AAA1-6F1C41F023CA}.Debug|Mixed Platforms.ActiveCfg = Debug|x86
		{9BF6D0B4-04C2-419D-AAA1-6F1C41F023CA}.Debug|Mixed Platforms.Build.0 = Debug|x86
		{9BF6D0B4-04C2-419D-AAA1-6F1C41F023CA}.Debug|x64.ActiveCfg = Debug|x64
		{9BF6D0B4-04C2-419D-AAA1-6F1C41F023CA}.Debug|x64.Build.0 = Debug|x64
		{9BF6D0B4-04C2-419D-AAA1-6F1C41F023CA}.Debug|x86.ActiveCfg = Debug|x86
		{9BF6D0B4-04C2-419D-AAA1-6F1C41F023CA}.Debug|x86.Build.0 = Debug|x86
		{9BF6D0B4-04C2-419D-AAA1-6F1C41F023CA}.Release|Any CPU.ActiveCfg = Release|Any CPU
		{9BF6D0B4-04C2-419D-AAA1-6F1C41F023CA}.Release|Any CPU.Build.0 = Release|Any CPU
		{9BF6D0B4-04C2-419D-AAA1-6F1C41F023CA}.Release|Mixed Platforms.ActiveCfg = Release|x86
		{9BF6D0B4-04C2-419D-AAA1-6F1C41F023CA}.Release|Mixed Platforms.Build.0 = Release|x86
		{9BF6D0B4-04C2-419D-AAA1-6F1C41F023CA}.Release|x64.ActiveCfg = Release|x64
		{9BF6D0B4-04C2-419D-AAA1-6F1C41F023CA}.Release|x64.Build.0 = Release|x64
		{9BF6D0B4-04C2-419D-AAA1-6F1C41F023CA}.Release|x86.ActiveCfg = Release|x86
		{9BF6D0B4-04C2-419D-AAA1-6F1C41F023CA}.Release|x86.Build.0 = Release|x86
		{D5B3F257-E13E-42B5-A77E-AA0F809311FD}.Debug|Any CPU.ActiveCfg = Debug|Any CPU
		{D5B3F257-E13E-42B5-A77E-AA0F809311FD}.Debug|Any CPU.Build.0 = Debug|Any CPU
		{D5B3F257-E13E-42B5-A77E-AA0F809311FD}.Debug|Mixed Platforms.ActiveCfg = Debug|Any CPU
		{D5B3F257-E13E-42B5-A77E-AA0F809311FD}.Debug|Mixed Platforms.Build.0 = Debug|Any CPU
		{D5B3F257-E13E-42B5-A77E-AA0F809311FD}.Debug|x64.ActiveCfg = Debug|Any CPU
		{D5B3F257-E13E-42B5-A77E-AA0F809311FD}.Debug|x86.ActiveCfg = Debug|Any CPU
		{D5B3F257-E13E-42B5-A77E-AA0F809311FD}.Release|Any CPU.ActiveCfg = Release|Any CPU
		{D5B3F257-E13E-42B5-A77E-AA0F809311FD}.Release|Any CPU.Build.0 = Release|Any CPU
		{D5B3F257-E13E-42B5-A77E-AA0F809311FD}.Release|Mixed Platforms.ActiveCfg = Release|Any CPU
		{D5B3F257-E13E-42B5-A77E-AA0F809311FD}.Release|Mixed Platforms.Build.0 = Release|Any CPU
		{D5B3F257-E13E-42B5-A77E-AA0F809311FD}.Release|x64.ActiveCfg = Release|Any CPU
		{D5B3F257-E13E-42B5-A77E-AA0F809311FD}.Release|x86.ActiveCfg = Release|Any CPU
	EndGlobalSection
	GlobalSection(SolutionProperties) = preSolution
		HideSolutionNode = FALSE
	EndGlobalSection
	GlobalSection(NestedProjects) = preSolution
		{D5B3F257-E13E-42B5-A77E-AA0F809311FD} = {143674D7-ACFC-44AF-82B7-D9342A16C270}
	EndGlobalSection
EndGlobal
